
Microsoft Visual Studio Solution File, Format Version 12.00
Project("{F2A71F9B-5D33-465A-A702-920D77279786}") = "Day1", "Day1\Day1.fsproj", "{F61EDB47-1E49-4CB3-BDC4-9FDE80CDECCC}"
EndProject
Project("{F2A71F9B-5D33-465A-A702-920D77279786}") = "Day2", "Day2\Day2.fsproj", "{FFF7F030-1690-44B9-B5A5-066EFF5EEA7D}"
EndProject
Project("{FAE04EC0-301F-11D3-BF4B-00C04F79EFBC}") = "Day3", "Day3\Day3.csproj", "{AB744198-5DF1-4BB0-9EAA-A7090680A76B}"
EndProject
Project("{F2A71F9B-5D33-465A-A702-920D77279786}") = "Day4", "Day4\Day4.fsproj", "{ABC3B3FC-EDAB-4B0C-B252-6000E25B26CE}"
EndProject
Project("{F2A71F9B-5D33-465A-A702-920D77279786}") = "Day5", "Day5\Day5.fsproj", "{32860C87-3641-4391-9F56-68729D867C3A}"
EndProject
Project("{F2A71F9B-5D33-465A-A702-920D77279786}") = "Day6", "Day6\Day6.fsproj", "{7C93F826-FF73-49CE-8ADB-189614462C65}"
EndProject
Project("{F2A71F9B-5D33-465A-A702-920D77279786}") = "Day7", "Day7\Day7.fsproj", "{6299B293-FDF4-4B34-B0E5-5A0B1630E392}"
EndProject
Project("{FAE04EC0-301F-11D3-BF4B-00C04F79EFBC}") = "Day8", "Day8\Day8.csproj", "{1B9A9DF5-092C-4226-8C4E-D17638991F6D}"
EndProject
Project("{F2A71F9B-5D33-465A-A702-920D77279786}") = "Day9", "Day9\Day9.fsproj", "{36603757-4753-49E3-90C5-F3790BA5FF45}"
EndProject
Project("{F2A71F9B-5D33-465A-A702-920D77279786}") = "Day10", "Day10\Day10.fsproj", "{FE7618FA-8E3E-4594-BD8A-D4027E29302C}"
EndProject
Project("{F2A71F9B-5D33-465A-A702-920D77279786}") = "Day11", "Day11\Day11.fsproj", "{446E7555-993E-4C4C-A4BD-A69E4542E709}"
EndProject
Project("{FAE04EC0-301F-11D3-BF4B-00C04F79EFBC}") = "Day12", "Day12\Day12.csproj", "{3683CB43-C8A4-4984-B27B-7C45D2F08D39}"
EndProject
Project("{F2A71F9B-5D33-465A-A702-920D77279786}") = "Day13", "Day13\Day13.fsproj", "{9361E8A3-138C-4F7E-9F47-9183BF081B42}"
EndProject
Project("{FAE04EC0-301F-11D3-BF4B-00C04F79EFBC}") = "Day14", "Day14\Day14.csproj", "{52BA03DE-BCBF-4192-82C8-1EC83A6DC4BD}"
EndProject
Global
	GlobalSection(SolutionConfigurationPlatforms) = preSolution
		Debug|Any CPU = Debug|Any CPU
		Release|Any CPU = Release|Any CPU
	EndGlobalSection
	GlobalSection(ProjectConfigurationPlatforms) = postSolution
		{F61EDB47-1E49-4CB3-BDC4-9FDE80CDECCC}.Debug|Any CPU.ActiveCfg = Debug|Any CPU
		{F61EDB47-1E49-4CB3-BDC4-9FDE80CDECCC}.Debug|Any CPU.Build.0 = Debug|Any CPU
		{F61EDB47-1E49-4CB3-BDC4-9FDE80CDECCC}.Release|Any CPU.ActiveCfg = Release|Any CPU
		{F61EDB47-1E49-4CB3-BDC4-9FDE80CDECCC}.Release|Any CPU.Build.0 = Release|Any CPU
		{FFF7F030-1690-44B9-B5A5-066EFF5EEA7D}.Debug|Any CPU.ActiveCfg = Debug|Any CPU
		{FFF7F030-1690-44B9-B5A5-066EFF5EEA7D}.Debug|Any CPU.Build.0 = Debug|Any CPU
		{FFF7F030-1690-44B9-B5A5-066EFF5EEA7D}.Release|Any CPU.ActiveCfg = Release|Any CPU
		{FFF7F030-1690-44B9-B5A5-066EFF5EEA7D}.Release|Any CPU.Build.0 = Release|Any CPU
		{AB744198-5DF1-4BB0-9EAA-A7090680A76B}.Debug|Any CPU.ActiveCfg = Debug|Any CPU
		{AB744198-5DF1-4BB0-9EAA-A7090680A76B}.Debug|Any CPU.Build.0 = Debug|Any CPU
		{AB744198-5DF1-4BB0-9EAA-A7090680A76B}.Release|Any CPU.ActiveCfg = Release|Any CPU
		{AB744198-5DF1-4BB0-9EAA-A7090680A76B}.Release|Any CPU.Build.0 = Release|Any CPU
		{ABC3B3FC-EDAB-4B0C-B252-6000E25B26CE}.Debug|Any CPU.ActiveCfg = Debug|Any CPU
		{ABC3B3FC-EDAB-4B0C-B252-6000E25B26CE}.Debug|Any CPU.Build.0 = Debug|Any CPU
		{ABC3B3FC-EDAB-4B0C-B252-6000E25B26CE}.Release|Any CPU.ActiveCfg = Release|Any CPU
		{ABC3B3FC-EDAB-4B0C-B252-6000E25B26CE}.Release|Any CPU.Build.0 = Release|Any CPU
		{32860C87-3641-4391-9F56-68729D867C3A}.Debug|Any CPU.ActiveCfg = Debug|Any CPU
		{32860C87-3641-4391-9F56-68729D867C3A}.Debug|Any CPU.Build.0 = Debug|Any CPU
		{32860C87-3641-4391-9F56-68729D867C3A}.Release|Any CPU.ActiveCfg = Release|Any CPU
		{32860C87-3641-4391-9F56-68729D867C3A}.Release|Any CPU.Build.0 = Release|Any CPU
		{7C93F826-FF73-49CE-8ADB-189614462C65}.Debug|Any CPU.ActiveCfg = Debug|Any CPU
		{7C93F826-FF73-49CE-8ADB-189614462C65}.Debug|Any CPU.Build.0 = Debug|Any CPU
		{7C93F826-FF73-49CE-8ADB-189614462C65}.Release|Any CPU.ActiveCfg = Release|Any CPU
		{7C93F826-FF73-49CE-8ADB-189614462C65}.Release|Any CPU.Build.0 = Release|Any CPU
		{6299B293-FDF4-4B34-B0E5-5A0B1630E392}.Debug|Any CPU.ActiveCfg = Debug|Any CPU
		{6299B293-FDF4-4B34-B0E5-5A0B1630E392}.Debug|Any CPU.Build.0 = Debug|Any CPU
		{6299B293-FDF4-4B34-B0E5-5A0B1630E392}.Release|Any CPU.ActiveCfg = Release|Any CPU
		{6299B293-FDF4-4B34-B0E5-5A0B1630E392}.Release|Any CPU.Build.0 = Release|Any CPU
		{1B9A9DF5-092C-4226-8C4E-D17638991F6D}.Debug|Any CPU.ActiveCfg = Debug|Any CPU
		{1B9A9DF5-092C-4226-8C4E-D17638991F6D}.Debug|Any CPU.Build.0 = Debug|Any CPU
		{1B9A9DF5-092C-4226-8C4E-D17638991F6D}.Release|Any CPU.ActiveCfg = Release|Any CPU
		{1B9A9DF5-092C-4226-8C4E-D17638991F6D}.Release|Any CPU.Build.0 = Release|Any CPU
		{36603757-4753-49E3-90C5-F3790BA5FF45}.Debug|Any CPU.ActiveCfg = Debug|Any CPU
		{36603757-4753-49E3-90C5-F3790BA5FF45}.Debug|Any CPU.Build.0 = Debug|Any CPU
		{36603757-4753-49E3-90C5-F3790BA5FF45}.Release|Any CPU.ActiveCfg = Release|Any CPU
		{36603757-4753-49E3-90C5-F3790BA5FF45}.Release|Any CPU.Build.0 = Release|Any CPU
		{FE7618FA-8E3E-4594-BD8A-D4027E29302C}.Debug|Any CPU.ActiveCfg = Debug|Any CPU
		{FE7618FA-8E3E-4594-BD8A-D4027E29302C}.Debug|Any CPU.Build.0 = Debug|Any CPU
		{FE7618FA-8E3E-4594-BD8A-D4027E29302C}.Release|Any CPU.ActiveCfg = Release|Any CPU
		{FE7618FA-8E3E-4594-BD8A-D4027E29302C}.Release|Any CPU.Build.0 = Release|Any CPU
		{446E7555-993E-4C4C-A4BD-A69E4542E709}.Debug|Any CPU.ActiveCfg = Debug|Any CPU
		{446E7555-993E-4C4C-A4BD-A69E4542E709}.Debug|Any CPU.Build.0 = Debug|Any CPU
		{446E7555-993E-4C4C-A4BD-A69E4542E709}.Release|Any CPU.ActiveCfg = Release|Any CPU
		{446E7555-993E-4C4C-A4BD-A69E4542E709}.Release|Any CPU.Build.0 = Release|Any CPU
		{3683CB43-C8A4-4984-B27B-7C45D2F08D39}.Debug|Any CPU.ActiveCfg = Debug|Any CPU
		{3683CB43-C8A4-4984-B27B-7C45D2F08D39}.Debug|Any CPU.Build.0 = Debug|Any CPU
		{3683CB43-C8A4-4984-B27B-7C45D2F08D39}.Release|Any CPU.ActiveCfg = Release|Any CPU
		{3683CB43-C8A4-4984-B27B-7C45D2F08D39}.Release|Any CPU.Build.0 = Release|Any CPU
		{9361E8A3-138C-4F7E-9F47-9183BF081B42}.Debug|Any CPU.ActiveCfg = Debug|Any CPU
		{9361E8A3-138C-4F7E-9F47-9183BF081B42}.Debug|Any CPU.Build.0 = Debug|Any CPU
		{9361E8A3-138C-4F7E-9F47-9183BF081B42}.Release|Any CPU.ActiveCfg = Release|Any CPU
		{9361E8A3-138C-4F7E-9F47-9183BF081B42}.Release|Any CPU.Build.0 = Release|Any CPU
		{52BA03DE-BCBF-4192-82C8-1EC83A6DC4BD}.Debug|Any CPU.ActiveCfg = Debug|Any CPU
		{52BA03DE-BCBF-4192-82C8-1EC83A6DC4BD}.Debug|Any CPU.Build.0 = Debug|Any CPU
		{52BA03DE-BCBF-4192-82C8-1EC83A6DC4BD}.Release|Any CPU.ActiveCfg = Release|Any CPU
		{52BA03DE-BCBF-4192-82C8-1EC83A6DC4BD}.Release|Any CPU.Build.0 = Release|Any CPU
	EndGlobalSection
EndGlobal
